
Microsoft Visual Studio Solution File, Format Version 12.00
# Visual Studio 15
VisualStudioVersion = 15.0.27004.2009
MinimumVisualStudioVersion = 10.0.40219.1
Project("{FAE04EC0-301F-11D3-BF4B-00C04F79EFBC}") = "MyPaginationControl", "MyPaginationControl\MyPaginationControl.csproj", "{8D3B711B-8565-4028-812B-BEA896E3E01E}"
EndProject
Project("{FAE04EC0-301F-11D3-BF4B-00C04F79EFBC}") = "PagerControl", "PagerControl\PagerControl.csproj", "{92B74E03-A17C-418A-AF4F-B5775849557A}"
EndProject
Global
	GlobalSection(SolutionConfigurationPlatforms) = preSolution
		Debug|Any CPU = Debug|Any CPU
		Release|Any CPU = Release|Any CPU
	EndGlobalSection
	GlobalSection(ProjectConfigurationPlatforms) = postSolution
		{8D3B711B-8565-4028-812B-BEA896E3E01E}.Debug|Any CPU.ActiveCfg = Debug|Any CPU
		{8D3B711B-8565-4028-812B-BEA896E3E01E}.Debug|Any CPU.Build.0 = Debug|Any CPU
		{8D3B711B-8565-4028-812B-BEA896E3E01E}.Release|Any CPU.ActiveCfg = Release|Any CPU
		{8D3B711B-8565-4028-812B-BEA896E3E01E}.Release|Any CPU.Build.0 = Release|Any CPU
		{92B74E03-A17C-418A-AF4F-B5775849557A}.Debug|Any CPU.ActiveCfg = Debug|Any CPU
		{92B74E03-A17C-418A-AF4F-B5775849557A}.Debug|Any CPU.Build.0 = Debug|Any CPU
		{92B74E03-A17C-418A-AF4F-B5775849557A}.Release|Any CPU.ActiveCfg = Release|Any CPU
		{92B74E03-A17C-418A-AF4F-B5775849557A}.Release|Any CPU.Build.0 = Release|Any CPU
	EndGlobalSection
	GlobalSection(SolutionProperties) = preSolution
		HideSolutionNode = FALSE
	EndGlobalSection
	GlobalSection(ExtensibilityGlobals) = postSolution
		SolutionGuid = {F966DB07-4F03-4D00-99DA-9CA67BDD7286}
	EndGlobalSection
EndGlobal
